
Microsoft Visual Studio Solution File, Format Version 10.00
# Visual Studio 2008
Project("{FAE04EC0-301F-11D3-BF4B-00C04F79EFBC}") = "Extasys", "Extasys\Extasys.csproj", "{2A003801-C61F-4007-BCD7-A1A91B0871D8}"
EndProject
Global
	GlobalSection(SolutionConfigurationPlatforms) = preSolution
		Debug|Any CPU = Debug|Any CPU
		Release|Any CPU = Release|Any CPU
	EndGlobalSection
	GlobalSection(ProjectConfigurationPlatforms) = postSolution
		{2A003801-C61F-4007-BCD7-A1A91B0871D8}.Debug|Any CPU.ActiveCfg = Debug|Any CPU
		{2A003801-C61F-4007-BCD7-A1A91B0871D8}.Debug|Any CPU.Build.0 = Debug|Any CPU
		{2A003801-C61F-4007-BCD7-A1A91B0871D8}.Release|Any CPU.ActiveCfg = Release|Any CPU
		{2A003801-C61F-4007-BCD7-A1A91B0871D8}.Release|Any CPU.Build.0 = Release|Any CPU
	EndGlobalSection
	GlobalSection(SolutionProperties) = preSolution
		HideSolutionNode = FALSE
	EndGlobalSection
EndGlobal
